
Microsoft Visual Studio Solution File, Format Version 12.00
# Visual Studio 14
VisualStudioVersion = 14.0.25123.0
MinimumVisualStudioVersion = 10.0.40219.1
Project("{FAE04EC0-301F-11D3-BF4B-00C04F79EFBC}") = "Z-Market", "Z-Market\Z-Market.csproj", "{C4D09282-DE98-437F-95CF-F7D599D8C9CE}"
EndProject
Project("{FAE04EC0-301F-11D3-BF4B-00C04F79EFBC}") = "Z-Market.Tests", "Z-Market.Tests\Z-Market.Tests.csproj", "{60454A77-41BB-4E46-8E1E-0C96FFB75343}"
EndProject
Global
	GlobalSection(SolutionConfigurationPlatforms) = preSolution
		Debug|Any CPU = Debug|Any CPU
		Release|Any CPU = Release|Any CPU
	EndGlobalSection
	GlobalSection(ProjectConfigurationPlatforms) = postSolution
		{C4D09282-DE98-437F-95CF-F7D599D8C9CE}.Debug|Any CPU.ActiveCfg = Debug|Any CPU
		{C4D09282-DE98-437F-95CF-F7D599D8C9CE}.Debug|Any CPU.Build.0 = Debug|Any CPU
		{C4D09282-DE98-437F-95CF-F7D599D8C9CE}.Release|Any CPU.ActiveCfg = Release|Any CPU
		{C4D09282-DE98-437F-95CF-F7D599D8C9CE}.Release|Any CPU.Build.0 = Release|Any CPU
		{60454A77-41BB-4E46-8E1E-0C96FFB75343}.Debug|Any CPU.ActiveCfg = Debug|Any CPU
		{60454A77-41BB-4E46-8E1E-0C96FFB75343}.Debug|Any CPU.Build.0 = Debug|Any CPU
		{60454A77-41BB-4E46-8E1E-0C96FFB75343}.Release|Any CPU.ActiveCfg = Release|Any CPU
		{60454A77-41BB-4E46-8E1E-0C96FFB75343}.Release|Any CPU.Build.0 = Release|Any CPU
	EndGlobalSection
	GlobalSection(SolutionProperties) = preSolution
		HideSolutionNode = FALSE
	EndGlobalSection
EndGlobal
